Microsoft Visual Studio Solution File, Format Version 12.00
# Visual Studio Version 17
VisualStudioVersion = 17.5.2.0
MinimumVisualStudioVersion = 10.0.40219.1
Project("{FAE04EC0-301F-11D3-BF4B-00C04F79EFBC}") = "SmartBahn", "SmartBahn.csproj", "{5148B6CD-D8BC-B7FF-27D1-3B36605B2155}"
EndProject
Global
	GlobalSection(SolutionConfigurationPlatforms) = preSolution
		Debug|Any CPU = Debug|Any CPU
		Release|Any CPU = Release|Any CPU
	EndGlobalSection
	GlobalSection(ProjectConfigurationPlatforms) = postSolution
		{5148B6CD-D8BC-B7FF-27D1-3B36605B2155}.Debug|Any CPU.ActiveCfg = Debug|Any CPU
		{5148B6CD-D8BC-B7FF-27D1-3B36605B2155}.Debug|Any CPU.Build.0 = Debug|Any CPU
		{5148B6CD-D8BC-B7FF-27D1-3B36605B2155}.Release|Any CPU.ActiveCfg = Release|Any CPU
		{5148B6CD-D8BC-B7FF-27D1-3B36605B2155}.Release|Any CPU.Build.0 = Release|Any CPU
	EndGlobalSection
	GlobalSection(SolutionProperties) = preSolution
		HideSolutionNode = FALSE
	EndGlobalSection
	GlobalSection(ExtensibilityGlobals) = postSolution
		SolutionGuid = {F08B3037-D959-479C-918C-71551194ABCD}
	EndGlobalSection
EndGlobal
